// !$*UTF8*$!
{
	archiveVersion = 1;
	classes = {
	};
	objectVersion = 46;
	objects = {

/* Begin PBXBuildFile section */
		FD53B8741B9B486D006B7D1A /* main.m in Sources */ = {isa = PBXBuildFile; fileRef = FD53B8731B9B486D006B7D1A /* main.m */; };
		FD53B8771B9B486D006B7D1A /* AppDelegate.m in Sources */ = {isa = PBXBuildFile; fileRef = FD53B8761B9B486D006B7D1A /* AppDelegate.m */; };
		FD53B87A1B9B486D006B7D1A /* ViewController.m in Sources */ = {isa = PBXBuildFile; fileRef = FD53B8791B9B486D006B7D1A /* ViewController.m */; };
		FD53B87D1B9B486D006B7D1A /* Main.storyboard in Resources */ = {isa = PBXBuildFile; fileRef = FD53B87B1B9B486D006B7D1A /* Main.storyboard */; };
		FD53B87F1B9B486D006B7D1A /* Images.xcassets in Resources */ = {isa = PBXBuildFile; fileRef = FD53B87E1B9B486D006B7D1A /* Images.xcassets */; };
		FD53B8821B9B486D006B7D1A /* LaunchScreen.xib in Resources */ = {isa = PBXBuildFile; fileRef = FD53B8801B9B486D006B7D1A /* LaunchScreen.xib */; };
		FD53B88E1B9B486D006B7D1A /* Four_in_LineTests.m in Sources */ = {isa = PBXBuildFile; fileRef = FD53B88D1B9B486D006B7D1A /* Four_in_LineTests.m */; };
/* End PBXBuildFile section */

/* Begin PBXContainerItemProxy section */
		FD53B8881B9B486D006B7D1A /* PBXContainerItemProxy */ = {
			isa = PBXContainerItemProxy;
			containerPortal = FD53B8661B9B486D006B7D1A /* Project object */;
			proxyType = 1;
			remoteGlobalIDString = FD53B86D1B9B486D006B7D1A;
			remoteInfo = "Four in Line";
		};
/* End PBXContainerItemProxy section */

/* Begin PBXFileReference section */
		FD53B86E1B9B486D006B7D1A /* Four in Line.app */ = {isa = PBXFileReference; explicitFileType = wrapper.application; includeInIndex = 0; path = "Four in Line.app"; sourceTree = BUILT_PRODUCTS_DIR; };
		FD53B8721B9B486D006B7D1A /* Info.plist */ = {isa = PBXFileReference; lastKnownFileType = text.plist.xml; path = Info.plist; sourceTree = "<group>"; };
		FD53B8731B9B486D006B7D1A /* main.m */ = {isa = PBXFileReference; lastKnownFileType = sourcecode.c.objc; path = main.m; sourceTree = "<group>"; };
		FD53B8751B9B486D006B7D1A /* AppDelegate.h */ = {isa = PBXFileReference; lastKnownFileType = sourcecode.c.h; path = AppDelegate.h; sourceTree = "<group>"; };
		FD53B8761B9B486D006B7D1A /* AppDelegate.m */ = {isa = PBXFileReference; lastKnownFileType = sourcecode.c.objc; path = AppDelegate.m; sourceTree = "<group>"; };
		FD53B8781B9B486D006B7D1A /* ViewController.h */ = {isa = PBXFileReference; lastKnownFileType = sourcecode.c.h; path = ViewController.h; sourceTree = "<group>"; };
		FD53B8791B9B486D006B7D1A /* ViewController.m */ = {isa = PBXFileReference; lastKnownFileType = sourcecode.c.objc; path = ViewController.m; sourceTree = "<group>"; };
		FD53B87C1B9B486D006B7D1A /* Base */ = {isa = PBXFileReference; lastKnownFileType = file.storyboard; name = Base; path = Base.lproj/Main.storyboard; sourceTree = "<group>"; };
		FD53B87E1B9B486D006B7D1A /* Images.xcassets */ = {isa = PBXFileReference; lastKnownFileType = folder.assetcatalog; path = Images.xcassets; sourceTree = "<group>"; };
		FD53B8811B9B486D006B7D1A /* Base */ = {isa = PBXFileReference; lastKnownFileType = file.xib; name = Base; path = Base.lproj/LaunchScreen.xib; sourceTree = "<group>"; };
		FD53B8871B9B486D006B7D1A /* Four in LineTests.xctest */ = {isa = PBXFileReference; explicitFileType = wrapper.cfbundle; includeInIndex = 0; path = "Four in LineTests.xctest"; sourceTree = BUILT_PRODUCTS_DIR; };
		FD53B88C1B9B486D006B7D1A /* Info.plist */ = {isa = PBXFileReference; lastKnownFileType = text.plist.xml; path = Info.plist; sourceTree = "<group>"; };
		FD53B88D1B9B486D006B7D1A /* Four_in_LineTests.m */ = {isa = PBXFileReference; lastKnownFileType = sourcecode.c.objc; path = Four_in_LineTests.m; sourceTree = "<group>"; };
/* End PBXFileReference section */

/* Begin PBXFrameworksBuildPhase section */
		FD53B86B1B9B486D006B7D1A /* Frameworks */ = {
			isa = PBXFrameworksBuildPhase;
			buildActionMask = 2147483647;
			files = (
			);
			runOnlyForDeploymentPostprocessing = 0;
		};
		FD53B8841B9B486D006B7D1A /* Frameworks */ = {
			isa = PBXFrameworksBuildPhase;
			buildActionMask = 2147483647;
			files = (
			);
			runOnlyForDeploymentPostprocessing = 0;
		};
/* End PBXFrameworksBuildPhase section */

/* Begin PBXGroup section */
		FD53B8651B9B486D006B7D1A = {
			isa = PBXGroup;
			children = (
				FD53B8701B9B486D006B7D1A /* Four in Line */,
				FD53B88A1B9B486D006B7D1A /* Four in LineTests */,
				FD53B86F1B9B486D006B7D1A /* Products */,
			);
			sourceTree = "<group>";
		};
		FD53B86F1B9B486D006B7D1A /* Products */ = {
			isa = PBXGroup;
			children = (
				FD53B86E1B9B486D006B7D1A /* Four in Line.app */,
				FD53B8871B9B486D006B7D1A /* Four in LineTests.xctest */,
			);
			name = Products;
			sourceTree = "<group>";
		};
		FD53B8701B9B486D006B7D1A /* Four in Line */ = {
			isa = PBXGroup;
			children = (
				FD53B8751B9B486D006B7D1A /* AppDelegate.h */,
				FD53B8761B9B486D006B7D1A /* AppDelegate.m */,
				FD53B8781B9B486D006B7D1A /* ViewController.h */,
				FD53B8791B9B486D006B7D1A /* ViewController.m */,
				FD53B87B1B9B486D006B7D1A /* Main.storyboard */,
				FD53B87E1B9B486D006B7D1A /* Images.xcassets */,
				FD53B8801B9B486D006B7D1A /* LaunchScreen.xib */,
				FD53B8711B9B486D006B7D1A /* Supporting Files */,
			);
			path = "Four in Line";
			sourceTree = "<group>";
		};
		FD53B8711B9B486D006B7D1A /* Supporting Files */ = {
			isa = PBXGroup;
			children = (
				FD53B8721B9B486D006B7D1A /* Info.plist */,
				FD53B8731B9B486D006B7D1A /* main.m */,
			);
			name = "Supporting Files";
			sourceTree = "<group>";
		};
		FD53B88A1B9B486D006B7D1A /* Four in LineTests */ = {
			isa = PBXGroup;
			children = (
				FD53B88D1B9B486D006B7D1A /* Four_in_LineTests.m */,
				FD53B88B1B9B486D006B7D1A /* Supporting Files */,
			);
			path = "Four in LineTests";
			sourceTree = "<group>";
		};
		FD53B88B1B9B486D006B7D1A /* Supporting Files */ = {
			isa = PBXGroup;
			children = (
				FD53B88C1B9B486D006B7D1A /* Info.plist */,
			);
			name = "Supporting Files";
			sourceTree = "<group>";
		};
/* End PBXGroup section */

/* Begin PBXNativeTarget section */
		FD53B86D1B9B486D006B7D1A /* Four in Line */ = {
			isa = PBXNativeTarget;
			buildConfigurationList = FD53B8911B9B486D006B7D1A /* Build configuration list for PBXNativeTarget "Four in Line" */;
			buildPhases = (
				FD53B86A1B9B486D006B7D1A /* Sources */,
				FD53B86B1B9B486D006B7D1A /* Frameworks */,
				FD53B86C1B9B486D006B7D1A /* Resources */,
			);
			buildRules = (
			);
			dependencies = (
			);
			name = "Four in Line";
			productName = "Four in Line";
			productReference = FD53B86E1B9B486D006B7D1A /* Four in Line.app */;
			productType = "com.apple.product-type.application";
		};
		FD53B8861B9B486D006B7D1A /* Four in LineTests */ = {
			isa = PBXNativeTarget;
			buildConfigurationList = FD53B8941B9B486D006B7D1A /* Build configuration list for PBXNativeTarget "Four in LineTests" */;
			buildPhases = (
				FD53B8831B9B486D006B7D1A /* Sources */,
				FD53B8841B9B486D006B7D1A /* Frameworks */,
				FD53B8851B9B486D006B7D1A /* Resources */,
			);
			buildRules = (
			);
			dependencies = (
				FD53B8891B9B486D006B7D1A /* PBXTargetDependency */,
			);
			name = "Four in LineTests";
			productName = "Four in LineTests";
			productReference = FD53B8871B9B486D006B7D1A /* Four in LineTests.xctest */;
			productType = "com.apple.product-type.bundle.unit-test";
		};
/* End PBXNativeTarget section */

/* Begin PBXProject section */
		FD53B8661B9B486D006B7D1A /* Project object */ = {
			isa = PBXProject;
			attributes = {
				LastUpgradeCheck = 0640;
				ORGANIZATIONNAME = "Vasilii Muravev";
				TargetAttributes = {
					FD53B86D1B9B486D006B7D1A = {
						CreatedOnToolsVersion = 6.4;
					};
					FD53B8861B9B486D006B7D1A = {
						CreatedOnToolsVersion = 6.4;
						TestTargetID = FD53B86D1B9B486D006B7D1A;
					};
				};
			};
			buildConfigurationList = FD53B8691B9B486D006B7D1A /* Build configuration list for PBXProject "Four in Line" */;
			compatibilityVersion = "Xcode 3.2";
			developmentRegion = English;
			hasScannedForEncodings = 0;
			knownRegions = (
				en,
				Base,
			);
			mainGroup = FD53B8651B9B486D006B7D1A;
			productRefGroup = FD53B86F1B9B486D006B7D1A /* Products */;
			projectDirPath = "";
			projectRoot = "";
			targets = (
				FD53B86D1B9B486D006B7D1A /* Four in Line */,
				FD53B8861B9B486D006B7D1A /* Four in LineTests */,
			);
		};
/* End PBXProject section */

/* Begin PBXResourcesBuildPhase section */
		FD53B86C1B9B486D006B7D1A /* Resources */ = {
			isa = PBXResourcesBuildPhase;
			buildActionMask = 2147483647;
			files = (
				FD53B87D1B9B486D006B7D1A /* Main.storyboard in Resources */,
				FD53B8821B9B486D006B7D1A /* LaunchScreen.xib in Resources */,
				FD53B87F1B9B486D006B7D1A /* Images.xcassets in Resources */,
			);
			runOnlyForDeploymentPostprocessing = 0;
		};
		FD53B8851B9B486D006B7D1A /* Resources */ = {
			isa = PBXResourcesBuildPhase;
			buildActionMask = 2147483647;
			files = (
			);
			runOnlyForDeploymentPostprocessing = 0;
		};
/* End PBXResourcesBuildPhase section */

/* Begin PBXSourcesBuildPhase section */
		FD53B86A1B9B486D006B7D1A /* Sources */ = {
			isa = PBXSourcesBuildPhase;
			buildActionMask = 2147483647;
			files = (
				FD53B87A1B9B486D006B7D1A /* ViewController.m in Sources */,
				FD53B8771B9B486D006B7D1A /* AppDelegate.m in Sources */,
				FD53B8741B9B486D006B7D1A /* main.m in Sources */,
			);
			runOnlyForDeploymentPostprocessing = 0;
		};
		FD53B8831B9B486D006B7D1A /* Sources */ = {
			isa = PBXSourcesBuildPhase;
			buildActionMask = 2147483647;
			files = (
				FD53B88E1B9B486D006B7D1A /* Four_in_LineTests.m in Sources */,
			);
			runOnlyForDeploymentPostprocessing = 0;
		};
/* End PBXSourcesBuildPhase section */

/* Begin PBXTargetDependency section */
		FD53B8891B9B486D006B7D1A /* PBXTargetDependency */ = {
			isa = PBXTargetDependency;
			target = FD53B86D1B9B486D006B7D1A /* Four in Line */;
			targetProxy = FD53B8881B9B486D006B7D1A /* PBXContainerItemProxy */;
		};
/* End PBXTargetDependency section */

/* Begin PBXVariantGroup section */
		FD53B87B1B9B486D006B7D1A /* Main.storyboard */ = {
			isa = PBXVariantGroup;
			children = (
				FD53B87C1B9B486D006B7D1A /* Base */,
			);
			name = Main.storyboard;
			sourceTree = "<group>";
		};
		FD53B8801B9B486D006B7D1A /* LaunchScreen.xib */ = {
			isa = PBXVariantGroup;
			children = (
				FD53B8811B9B486D006B7D1A /* Base */,
			);
			name = LaunchScreen.xib;
			sourceTree = "<group>";
		};
/* End PBXVariantGroup section */

/* Begin XCBuildConfiguration section */
		FD53B88F1B9B486D006B7D1A /* Debug */ = {
			isa = XCBuildConfiguration;
			buildSettings = {
				ALWAYS_SEARCH_USER_PATHS = NO;
				CLANG_CXX_LANGUAGE_STANDARD = "gnu++0x";
				CLANG_CXX_LIBRARY = "libc++";
				CLANG_ENABLE_MODULES = YES;
				CLANG_ENABLE_OBJC_ARC = YES;
				CLANG_WARN_BOOL_CONVERSION = YES;
				CLANG_WARN_CONSTANT_CONVERSION = YES;
				CLANG_WARN_DIRECT_OBJC_ISA_USAGE = YES_ERROR;
				CLANG_WARN_EMPTY_BODY = YES;
				CLANG_WARN_ENUM_CONVERSION = YES;
				CLANG_WARN_INT_CONVERSION = YES;
				CLANG_WARN_OBJC_ROOT_CLASS = YES_ERROR;
				CLANG_WARN_UNREACHABLE_CODE = YES;
				CLANG_WARN__DUPLICATE_METHOD_MATCH = YES;
				"CODE_SIGN_IDENTITY[sdk=iphoneos*]" = "iPhone Developer";
				COPY_PHASE_STRIP = NO;
				DEBUG_INFORMATION_FORMAT = "dwarf-with-dsym";
				ENABLE_STRICT_OBJC_MSGSEND = YES;
				GCC_C_LANGUAGE_STANDARD = gnu99;
				GCC_DYNAMIC_NO_PIC = NO;
				GCC_NO_COMMON_BLOCKS = YES;
				GCC_OPTIMIZATION_LEVEL = 0;
				GCC_PREPROCESSOR_DEFINITIONS = (
					"DEBUG=1",
					"$(inherited)",
				);
				GCC_SYMBOLS_PRIVATE_EXTERN = NO;
				GCC_WARN_64_TO_32_BIT_CONVERSION = YES;
				GCC_WARN_ABOUT_RETURN_TYPE = YES_ERROR;
				GCC_WARN_UNDECLARED_SELECTOR = YES;
				GCC_WARN_UNINITIALIZED_AUTOS = YES_AGGRESSIVE;
				GCC_WARN_UNUSED_FUNCTION = YES;
				GCC_WARN_UNUSED_VARIABLE = YES;
				IPHONEOS_DEPLOYMENT_TARGET = 8.4;
				MTL_ENABLE_DEBUG_INFO = YES;
				ONLY_ACTIVE_ARCH = YES;
				SDKROOT = iphoneos;
				TARGETED_DEVICE_FAMILY = "1,2";
			};
			name = Debug;
		};
		FD53B8901B9B486D006B7D1A /* Release */ = {
			isa = XCBuildConfiguration;
			buildSettings = {
				ALWAYS_SEARCH_USER_PATHS = NO;
				CLANG_CXX_LANGUAGE_STANDARD = "gnu++0x";
				CLANG_CXX_LIBRARY = "libc++";
				CLANG_ENABLE_MODULES = YES;
				CLANG_ENABLE_OBJC_ARC = YES;
				CLANG_WARN_BOOL_CONVERSION = YES;
				CLANG_WARN_CONSTANT_CONVERSION = YES;
				CLANG_WARN_DIRECT_OBJC_ISA_USAGE = YES_ERROR;
				CLANG_WARN_EMPTY_BODY = YES;
				CLANG_WARN_ENUM_CONVERSION = YES;
				CLANG_WARN_INT_CONVERSION = YES;
				CLANG_WARN_OBJC_ROOT_CLASS = YES_ERROR;
				CLANG_WARN_UNREACHABLE_CODE = YES;
				CLANG_WARN__DUPLICATE_METHOD_MATCH = YES;
				"CODE_SIGN_IDENTITY[sdk=iphoneos*]" = "iPhone Developer";
				COPY_PHASE_STRIP = NO;
				DEBUG_INFORMATION_FORMAT = "dwarf-with-dsym";
				ENABLE_NS_ASSERTIONS = NO;
				ENABLE_STRICT_OBJC_MSGSEND = YES;
				GCC_C_LANGUAGE_STANDARD = gnu99;
				GCC_NO_COMMON_BLOCKS = YES;
				GCC_WARN_64_TO_32_BIT_CONVERSION = YES;
				GCC_WARN_ABOUT_RETURN_TYPE = YES_ERROR;
				GCC_WARN_UNDECLARED_SELECTOR = YES;
				GCC_WARN_UNINITIALIZED_AUTOS = YES_AGGRESSIVE;
				GCC_WARN_UNUSED_FUNCTION = YES;
				GCC_WARN_UNUSED_VARIABLE = YES;
				IPHONEOS_DEPLOYMENT_TARGET = 8.4;
				MTL_ENABLE_DEBUG_INFO = NO;
				SDKROOT = iphoneos;
				TARGETED_DEVICE_FAMILY = "1,2";
				VALIDATE_PRODUCT = YES;
			};
			name = Release;
		};
		FD53B8921B9B486D006B7D1A /* Debug */ = {
			isa = XCBuildConfiguration;
			buildSettings = {
				ASSETCATALOG_COMPILER_APPICON_NAME = AppIcon;
				INFOPLIST_FILE = "Four in Line/Info.plist";
				LD_RUNPATH_SEARCH_PATHS = "$(inherited) @executable_path/Frameworks";
				PRODUCT_NAME = "$(TARGET_NAME)";
			};
			name = Debug;
		};
		FD53B8931B9B486D006B7D1A /* Release */ = {
			isa = XCBuildConfiguration;
			buildSettings = {
				ASSETCATALOG_COMPILER_APPICON_NAME = AppIcon;
				INFOPLIST_FILE = "Four in Line/Info.plist";
				LD_RUNPATH_SEARCH_PATHS = "$(inherited) @executable_path/Frameworks";
				PRODUCT_NAME = "$(TARGET_NAME)";
			};
			name = Release;
		};
		FD53B8951B9B486D006B7D1A /* Debug */ = {
			isa = XCBuildConfiguration;
			buildSettings = {
				BUNDLE_LOADER = "$(TEST_HOST)";
				FRAMEWORK_SEARCH_PATHS = (
					"$(SDKROOT)/Developer/Library/Frameworks",
					"$(inherited)",
				);
				GCC_PREPROCESSOR_DEFINITIONS = (
					"DEBUG=1",
					"$(inherited)",
				);
				INFOPLIST_FILE = "Four in LineTests/Info.plist";
				LD_RUNPATH_SEARCH_PATHS = "$(inherited) @executable_path/Frameworks @loader_path/Frameworks";
				PRODUCT_NAME = "$(TARGET_NAME)";
				TEST_HOST = "$(BUILT_PRODUCTS_DIR)/Four in Line.app/Four in Line";
			};
			name = Debug;
		};
		FD53B8961B9B486D006B7D1A /* Release */ = {
			isa = XCBuildConfiguration;
			buildSettings = {
				BUNDLE_LOADER = "$(TEST_HOST)";
				FRAMEWORK_SEARCH_PATHS = (
					"$(SDKROOT)/Developer/Library/Frameworks",
					"$(inherited)",
				);
				INFOPLIST_FILE = "Four in LineTests/Info.plist";
				LD_RUNPATH_SEARCH_PATHS = "$(inherited) @executable_path/Frameworks @loader_path/Frameworks";
				PRODUCT_NAME = "$(TARGET_NAME)";
				TEST_HOST = "$(BUILT_PRODUCTS_DIR)/Four in Line.app/Four in Line";
			};
			name = Release;
		};
/* End XCBuildConfiguration section */

/* Begin XCConfigurationList section */
		FD53B8691B9B486D006B7D1A /* Build configuration list for PBXProject "Four in Line" */ = {
			isa = XCConfigurationList;
			buildConfigurations = (
				FD53B88F1B9B486D006B7D1A /* Debug */,
				FD53B8901B9B486D006B7D1A /* Release */,
			);
			defaultConfigurationIsVisible = 0;
			defaultConfigurationName = Release;
		};
		FD53B8911B9B486D006B7D1A /* Build configuration list for PBXNativeTarget "Four in Line" */ = {
			isa = XCConfigurationList;
			buildConfigurations = (
				FD53B8921B9B486D006B7D1A /* Debug */,
				FD53B8931B9B486D006B7D1A /* Release */,
			);
			defaultConfigurationIsVisible = 0;
		};
		FD53B8941B9B486D006B7D1A /* Build configuration list for PBXNativeTarget "Four in LineTests" */ = {
			isa = XCConfigurationList;
			buildConfigurations = (
				FD53B8951B9B486D006B7D1A /* Debug */,
				FD53B8961B9B486D006B7D1A /* Release */,
			);
			defaultConfigurationIsVisible = 0;
		};
/* End XCConfigurationList section */
	};
	rootObject = FD53B8661B9B486D006B7D1A /* Project object */;
}
