// !$*UTF8*$!
{
	archiveVersion = 1;
	classes = {
	};
	objectVersion = 48;
	objects = {

/* Begin PBXBuildFile section */
		4D12338C1E9C126B0004BC78 /* DropBehavior.swift in Sources */ = {isa = PBXBuildFile; fileRef = 4D12338B1E9C126B0004BC78 /* DropBehavior.swift */; };
		4D12338E1E9C19970004BC78 /* FILMatchViewController.swift in Sources */ = {isa = PBXBuildFile; fileRef = 4D12338D1E9C19970004BC78 /* FILMatchViewController.swift */; };
		4D520C551E8C59ED00848FCE /* FILGameAI.swift in Sources */ = {isa = PBXBuildFile; fileRef = 4D520C541E8C59ED00848FCE /* FILGameAI.swift */; };
		4D520C571E8C5A3D00848FCE /* FILGameManager.swift in Sources */ = {isa = PBXBuildFile; fileRef = 4D520C561E8C5A3D00848FCE /* FILGameManager.swift */; };
		4DE3D9681E9BE87E00F214CE /* GameBoardView.xib in Resources */ = {isa = PBXBuildFile; fileRef = 4DE3D9671E9BE87E00F214CE /* GameBoardView.xib */; };
		4DE3D96A1E9BE89800F214CE /* GameBoardView.swift in Sources */ = {isa = PBXBuildFile; fileRef = 4DE3D9691E9BE89800F214CE /* GameBoardView.swift */; };
		4DF18FE21EC76CF700185244 /* Notification+Extension.swift in Sources */ = {isa = PBXBuildFile; fileRef = 4DF18FE11EC76CF700185244 /* Notification+Extension.swift */; };
		4DF18FE41EC772C200185244 /* NSLayoutConstraint+Extension.swift in Sources */ = {isa = PBXBuildFile; fileRef = 4DF18FE31EC772C200185244 /* NSLayoutConstraint+Extension.swift */; };
		4DF18FE61EC773CD00185244 /* UIView+Extension.swift in Sources */ = {isa = PBXBuildFile; fileRef = 4DF18FE51EC773CD00185244 /* UIView+Extension.swift */; };
		4DF18FE81EC7770900185244 /* FILChipView.swift in Sources */ = {isa = PBXBuildFile; fileRef = 4DF18FE71EC7770900185244 /* FILChipView.swift */; };
		4DF18FEA1EC77BBD00185244 /* FILChipViewModel.swift in Sources */ = {isa = PBXBuildFile; fileRef = 4DF18FE91EC77BBD00185244 /* FILChipViewModel.swift */; };
		4DF18FEF1EC788B200185244 /* Weak.swift in Sources */ = {isa = PBXBuildFile; fileRef = 4DF18FEE1EC788B200185244 /* Weak.swift */; };
		4DF18FF21EC7915800185244 /* FILGameBoard.swift in Sources */ = {isa = PBXBuildFile; fileRef = 4DF18FF11EC7915800185244 /* FILGameBoard.swift */; };
		4DF18FF41EC8DC0400185244 /* FILChipPosition.swift in Sources */ = {isa = PBXBuildFile; fileRef = 4DF18FF31EC8DC0400185244 /* FILChipPosition.swift */; };
		4DFA528C1EC50909006FCC18 /* FILMatchViewModel.swift in Sources */ = {isa = PBXBuildFile; fileRef = 4DFA528B1EC50909006FCC18 /* FILMatchViewModel.swift */; };
		ACFF0BEB5D59BB6B53A6897A /* Pods_Four_in_Line.framework in Frameworks */ = {isa = PBXBuildFile; fileRef = 3CE537654CA28ACBCAEB2221 /* Pods_Four_in_Line.framework */; };
		D57574B81D84872E00C8188C /* SettingsTableViewController.m in Sources */ = {isa = PBXBuildFile; fileRef = D57574B71D84872E00C8188C /* SettingsTableViewController.m */; };
		D594D12A1F5331590034E9AB /* MatchViewModel.swift in Sources */ = {isa = PBXBuildFile; fileRef = D594D1291F5331590034E9AB /* MatchViewModel.swift */; };
		D594D12E1F5332FD0034E9AB /* Chip.swift in Sources */ = {isa = PBXBuildFile; fileRef = D594D12D1F5332FD0034E9AB /* Chip.swift */; };
		D594D1311F533AFE0034E9AB /* MatchViewController.swift in Sources */ = {isa = PBXBuildFile; fileRef = D594D1301F533AFE0034E9AB /* MatchViewController.swift */; };
		D594D1331F533B080034E9AB /* BaseViewController.swift in Sources */ = {isa = PBXBuildFile; fileRef = D594D1321F533B080034E9AB /* BaseViewController.swift */; };
		D594D1361F533D780034E9AB /* DirectNotificationl.swift in Sources */ = {isa = PBXBuildFile; fileRef = D594D1351F533D780034E9AB /* DirectNotificationl.swift */; };
		FD3368E71B9BA67D00FF6CE5 /* BlockView.m in Sources */ = {isa = PBXBuildFile; fileRef = FD3368E61B9BA67D00FF6CE5 /* BlockView.m */; };
		FD53B8741B9B486D006B7D1A /* main.m in Sources */ = {isa = PBXBuildFile; fileRef = FD53B8731B9B486D006B7D1A /* main.m */; };
		FD53B8771B9B486D006B7D1A /* AppDelegate.m in Sources */ = {isa = PBXBuildFile; fileRef = FD53B8761B9B486D006B7D1A /* AppDelegate.m */; };
		FD53B87A1B9B486D006B7D1A /* MainViewController.m in Sources */ = {isa = PBXBuildFile; fileRef = FD53B8791B9B486D006B7D1A /* MainViewController.m */; };
		FD53B87D1B9B486D006B7D1A /* Main.storyboard in Resources */ = {isa = PBXBuildFile; fileRef = FD53B87B1B9B486D006B7D1A /* Main.storyboard */; };
		FD53B87F1B9B486D006B7D1A /* Images.xcassets in Resources */ = {isa = PBXBuildFile; fileRef = FD53B87E1B9B486D006B7D1A /* Images.xcassets */; };
		FD53B8821B9B486D006B7D1A /* LaunchScreen.xib in Resources */ = {isa = PBXBuildFile; fileRef = FD53B8801B9B486D006B7D1A /* LaunchScreen.xib */; };
		FD53B8991B9B4955006B7D1A /* GameView.m in Sources */ = {isa = PBXBuildFile; fileRef = FD53B8981B9B4955006B7D1A /* GameView.m */; };
		FD53B89F1B9B63BD006B7D1A /* Game.m in Sources */ = {isa = PBXBuildFile; fileRef = FD53B89E1B9B63BD006B7D1A /* Game.m */; };
		FD9306121BB723F000B84BFB /* DropBehavior.m in Sources */ = {isa = PBXBuildFile; fileRef = FD9306111BB723F000B84BFB /* DropBehavior.m */; };
		FDFF698B1B9C78A1001697D4 /* GameBoardView1.m in Sources */ = {isa = PBXBuildFile; fileRef = FDFF698A1B9C78A1001697D4 /* GameBoardView1.m */; };
		FDFF69D21B9CE5B6001697D4 /* GameAI.m in Sources */ = {isa = PBXBuildFile; fileRef = FDFF69D11B9CE5B6001697D4 /* GameAI.m */; };
/* End PBXBuildFile section */

/* Begin PBXFileReference section */
		1AF9CAE54892F8081A96E517 /* Pods-Four-in-Line.debug.xcconfig */ = {isa = PBXFileReference; includeInIndex = 1; lastKnownFileType = text.xcconfig; name = "Pods-Four-in-Line.debug.xcconfig"; path = "Pods/Target Support Files/Pods-Four-in-Line/Pods-Four-in-Line.debug.xcconfig"; sourceTree = "<group>"; };
		3258FC85BA8FD380696FF78C /* Pods-Four-in-Line.release.xcconfig */ = {isa = PBXFileReference; includeInIndex = 1; lastKnownFileType = text.xcconfig; name = "Pods-Four-in-Line.release.xcconfig"; path = "Pods/Target Support Files/Pods-Four-in-Line/Pods-Four-in-Line.release.xcconfig"; sourceTree = "<group>"; };
		3CE537654CA28ACBCAEB2221 /* Pods_Four_in_Line.framework */ = {isa = PBXFileReference; explicitFileType = wrapper.framework; includeInIndex = 0; path = Pods_Four_in_Line.framework; sourceTree = BUILT_PRODUCTS_DIR; };
		4D12338B1E9C126B0004BC78 /* DropBehavior.swift */ = {isa = PBXFileReference; fileEncoding = 4; lastKnownFileType = sourcecode.swift; path = DropBehavior.swift; sourceTree = "<group>"; };
		4D12338D1E9C19970004BC78 /* FILMatchViewController.swift */ = {isa = PBXFileReference; fileEncoding = 4; lastKnownFileType = sourcecode.swift; path = FILMatchViewController.swift; sourceTree = "<group>"; };
		4D520C531E8C59ED00848FCE /* Four-in-Line-Bridging-Header.h */ = {isa = PBXFileReference; lastKnownFileType = sourcecode.c.h; path = "Four-in-Line-Bridging-Header.h"; sourceTree = "<group>"; };
		4D520C541E8C59ED00848FCE /* FILGameAI.swift */ = {isa = PBXFileReference; fileEncoding = 4; lastKnownFileType = sourcecode.swift; path = FILGameAI.swift; sourceTree = "<group>"; };
		4D520C561E8C5A3D00848FCE /* FILGameManager.swift */ = {isa = PBXFileReference; fileEncoding = 4; lastKnownFileType = sourcecode.swift; path = FILGameManager.swift; sourceTree = "<group>"; };
		4DE3D9671E9BE87E00F214CE /* GameBoardView.xib */ = {isa = PBXFileReference; fileEncoding = 4; lastKnownFileType = file.xib; name = GameBoardView.xib; path = "Fouк-in-Line/Views/GameBoard/GameBoardView.xib"; sourceTree = SOURCE_ROOT; };
		4DE3D9691E9BE89800F214CE /* GameBoardView.swift */ = {isa = PBXFileReference; fileEncoding = 4; lastKnownFileType = sourcecode.swift; name = GameBoardView.swift; path = "Fouк-in-Line/Views/GameBoard/GameBoardView.swift"; sourceTree = SOURCE_ROOT; };
		4DF18FE11EC76CF700185244 /* Notification+Extension.swift */ = {isa = PBXFileReference; fileEncoding = 4; lastKnownFileType = sourcecode.swift; path = "Notification+Extension.swift"; sourceTree = "<group>"; };
		4DF18FE31EC772C200185244 /* NSLayoutConstraint+Extension.swift */ = {isa = PBXFileReference; fileEncoding = 4; lastKnownFileType = sourcecode.swift; path = "NSLayoutConstraint+Extension.swift"; sourceTree = "<group>"; };
		4DF18FE51EC773CD00185244 /* UIView+Extension.swift */ = {isa = PBXFileReference; fileEncoding = 4; lastKnownFileType = sourcecode.swift; path = "UIView+Extension.swift"; sourceTree = "<group>"; };
		4DF18FE71EC7770900185244 /* FILChipView.swift */ = {isa = PBXFileReference; fileEncoding = 4; lastKnownFileType = sourcecode.swift; path = FILChipView.swift; sourceTree = "<group>"; };
		4DF18FE91EC77BBD00185244 /* FILChipViewModel.swift */ = {isa = PBXFileReference; fileEncoding = 4; lastKnownFileType = sourcecode.swift; path = FILChipViewModel.swift; sourceTree = "<group>"; };
		4DF18FEE1EC788B200185244 /* Weak.swift */ = {isa = PBXFileReference; fileEncoding = 4; lastKnownFileType = sourcecode.swift; path = Weak.swift; sourceTree = "<group>"; };
		4DF18FF11EC7915800185244 /* FILGameBoard.swift */ = {isa = PBXFileReference; fileEncoding = 4; lastKnownFileType = sourcecode.swift; path = FILGameBoard.swift; sourceTree = "<group>"; };
		4DF18FF31EC8DC0400185244 /* FILChipPosition.swift */ = {isa = PBXFileReference; fileEncoding = 4; lastKnownFileType = sourcecode.swift; path = FILChipPosition.swift; sourceTree = "<group>"; };
		4DFA528B1EC50909006FCC18 /* FILMatchViewModel.swift */ = {isa = PBXFileReference; fileEncoding = 4; lastKnownFileType = sourcecode.swift; path = FILMatchViewModel.swift; sourceTree = "<group>"; };
		D57574B61D84872E00C8188C /* SettingsTableViewController.h */ = {isa = PBXFileReference; fileEncoding = 4; lastKnownFileType = sourcecode.c.h; path = SettingsTableViewController.h; sourceTree = "<group>"; };
		D57574B71D84872E00C8188C /* SettingsTableViewController.m */ = {isa = PBXFileReference; fileEncoding = 4; lastKnownFileType = sourcecode.c.objc; path = SettingsTableViewController.m; sourceTree = "<group>"; };
		D594D1291F5331590034E9AB /* MatchViewModel.swift */ = {isa = PBXFileReference; fileEncoding = 4; lastKnownFileType = sourcecode.swift; path = MatchViewModel.swift; sourceTree = "<group>"; };
		D594D12D1F5332FD0034E9AB /* Chip.swift */ = {isa = PBXFileReference; fileEncoding = 4; lastKnownFileType = sourcecode.swift; path = Chip.swift; sourceTree = "<group>"; };
		D594D1301F533AFE0034E9AB /* MatchViewController.swift */ = {isa = PBXFileReference; fileEncoding = 4; lastKnownFileType = sourcecode.swift; path = MatchViewController.swift; sourceTree = "<group>"; };
		D594D1321F533B080034E9AB /* BaseViewController.swift */ = {isa = PBXFileReference; fileEncoding = 4; lastKnownFileType = sourcecode.swift; path = BaseViewController.swift; sourceTree = "<group>"; };
		D594D1351F533D780034E9AB /* DirectNotificationl.swift */ = {isa = PBXFileReference; fileEncoding = 4; lastKnownFileType = sourcecode.swift; path = DirectNotificationl.swift; sourceTree = "<group>"; };
		FD3368E51B9BA67D00FF6CE5 /* BlockView.h */ = {isa = PBXFileReference; fileEncoding = 4; lastKnownFileType = sourcecode.c.h; path = BlockView.h; sourceTree = "<group>"; };
		FD3368E61B9BA67D00FF6CE5 /* BlockView.m */ = {isa = PBXFileReference; fileEncoding = 4; lastKnownFileType = sourcecode.c.objc; path = BlockView.m; sourceTree = "<group>"; };
		FD53B86E1B9B486D006B7D1A /* Four-in-Line.app */ = {isa = PBXFileReference; explicitFileType = wrapper.application; includeInIndex = 0; path = "Four-in-Line.app"; sourceTree = BUILT_PRODUCTS_DIR; };
		FD53B8721B9B486D006B7D1A /* Info.plist */ = {isa = PBXFileReference; lastKnownFileType = text.plist.xml; path = Info.plist; sourceTree = "<group>"; };
		FD53B8731B9B486D006B7D1A /* main.m */ = {isa = PBXFileReference; lastKnownFileType = sourcecode.c.objc; path = main.m; sourceTree = "<group>"; };
		FD53B8751B9B486D006B7D1A /* AppDelegate.h */ = {isa = PBXFileReference; lastKnownFileType = sourcecode.c.h; path = AppDelegate.h; sourceTree = "<group>"; };
		FD53B8761B9B486D006B7D1A /* AppDelegate.m */ = {isa = PBXFileReference; lastKnownFileType = sourcecode.c.objc; path = AppDelegate.m; sourceTree = "<group>"; };
		FD53B8781B9B486D006B7D1A /* MainViewController.h */ = {isa = PBXFileReference; lastKnownFileType = sourcecode.c.h; path = MainViewController.h; sourceTree = "<group>"; };
		FD53B8791B9B486D006B7D1A /* MainViewController.m */ = {isa = PBXFileReference; lastKnownFileType = sourcecode.c.objc; path = MainViewController.m; sourceTree = "<group>"; };
		FD53B87C1B9B486D006B7D1A /* Base */ = {isa = PBXFileReference; lastKnownFileType = file.storyboard; name = Base; path = Base.lproj/Main.storyboard; sourceTree = "<group>"; };
		FD53B87E1B9B486D006B7D1A /* Images.xcassets */ = {isa = PBXFileReference; lastKnownFileType = folder.assetcatalog; path = Images.xcassets; sourceTree = "<group>"; };
		FD53B8811B9B486D006B7D1A /* Base */ = {isa = PBXFileReference; lastKnownFileType = file.xib; name = Base; path = Base.lproj/LaunchScreen.xib; sourceTree = "<group>"; };
		FD53B8971B9B4955006B7D1A /* GameView.h */ = {isa = PBXFileReference; fileEncoding = 4; lastKnownFileType = sourcecode.c.h; path = GameView.h; sourceTree = "<group>"; };
		FD53B8981B9B4955006B7D1A /* GameView.m */ = {isa = PBXFileReference; fileEncoding = 4; lastKnownFileType = sourcecode.c.objc; path = GameView.m; sourceTree = "<group>"; };
		FD53B89D1B9B63BD006B7D1A /* Game.h */ = {isa = PBXFileReference; fileEncoding = 4; lastKnownFileType = sourcecode.c.h; path = Game.h; sourceTree = "<group>"; };
		FD53B89E1B9B63BD006B7D1A /* Game.m */ = {isa = PBXFileReference; fileEncoding = 4; lastKnownFileType = sourcecode.c.objc; path = Game.m; sourceTree = "<group>"; };
		FD9306101BB723F000B84BFB /* DropBehavior.h */ = {isa = PBXFileReference; fileEncoding = 4; lastKnownFileType = sourcecode.c.h; path = DropBehavior.h; sourceTree = "<group>"; };
		FD9306111BB723F000B84BFB /* DropBehavior.m */ = {isa = PBXFileReference; fileEncoding = 4; lastKnownFileType = sourcecode.c.objc; path = DropBehavior.m; sourceTree = "<group>"; };
		FDFF69891B9C78A1001697D4 /* GameBoardView1.h */ = {isa = PBXFileReference; fileEncoding = 4; lastKnownFileType = sourcecode.c.h; path = GameBoardView1.h; sourceTree = "<group>"; };
		FDFF698A1B9C78A1001697D4 /* GameBoardView1.m */ = {isa = PBXFileReference; fileEncoding = 4; lastKnownFileType = sourcecode.c.objc; path = GameBoardView1.m; sourceTree = "<group>"; };
		FDFF69D01B9CE5B6001697D4 /* GameAI.h */ = {isa = PBXFileReference; fileEncoding = 4; lastKnownFileType = sourcecode.c.h; path = GameAI.h; sourceTree = "<group>"; };
		FDFF69D11B9CE5B6001697D4 /* GameAI.m */ = {isa = PBXFileReference; fileEncoding = 4; lastKnownFileType = sourcecode.c.objc; path = GameAI.m; sourceTree = "<group>"; };
		FDFF69D31B9CE7F5001697D4 /* GameSettings.h */ = {isa = PBXFileReference; fileEncoding = 4; lastKnownFileType = sourcecode.c.h; path = GameSettings.h; sourceTree = "<group>"; };
/* End PBXFileReference section */

/* Begin PBXFrameworksBuildPhase section */
		FD53B86B1B9B486D006B7D1A /* Frameworks */ = {
			isa = PBXFrameworksBuildPhase;
			buildActionMask = 2147483647;
			files = (
				ACFF0BEB5D59BB6B53A6897A /* Pods_Four_in_Line.framework in Frameworks */,
			);
			runOnlyForDeploymentPostprocessing = 0;
		};
/* End PBXFrameworksBuildPhase section */

/* Begin PBXGroup section */
		383A44813C1F14A3A233C5DB /* Pods */ = {
			isa = PBXGroup;
			children = (
				1AF9CAE54892F8081A96E517 /* Pods-Four-in-Line.debug.xcconfig */,
				3258FC85BA8FD380696FF78C /* Pods-Four-in-Line.release.xcconfig */,
			);
			name = Pods;
			sourceTree = "<group>";
		};
		4D520C581E8C5BE600848FCE /* ViewModel */ = {
			isa = PBXGroup;
			children = (
				D594D1371F5344F50034E9AB /* Match */,
				4DFA528B1EC50909006FCC18 /* FILMatchViewModel.swift */,
				4DF18FE91EC77BBD00185244 /* FILChipViewModel.swift */,
				FD53B8781B9B486D006B7D1A /* MainViewController.h */,
				FD53B8791B9B486D006B7D1A /* MainViewController.m */,
				D57574B61D84872E00C8188C /* SettingsTableViewController.h */,
				D57574B71D84872E00C8188C /* SettingsTableViewController.m */,
				D594D1351F533D780034E9AB /* DirectNotificationl.swift */,
			);
			path = ViewModel;
			sourceTree = "<group>";
		};
		4DF18FE01EC76C9400185244 /* Extensions */ = {
			isa = PBXGroup;
			children = (
				4DF18FE11EC76CF700185244 /* Notification+Extension.swift */,
				4DF18FE31EC772C200185244 /* NSLayoutConstraint+Extension.swift */,
				4DF18FE51EC773CD00185244 /* UIView+Extension.swift */,
			);
			path = Extensions;
			sourceTree = "<group>";
		};
		4DF18FEB1EC77BFD00185244 /* Helpers */ = {
			isa = PBXGroup;
			children = (
				4DF18FF01EC78D5B00185244 /* Behavior */,
				4DF18FEE1EC788B200185244 /* Weak.swift */,
			);
			path = Helpers;
			sourceTree = "<group>";
		};
		4DF18FF01EC78D5B00185244 /* Behavior */ = {
			isa = PBXGroup;
			children = (
				4D12338B1E9C126B0004BC78 /* DropBehavior.swift */,
			);
			path = Behavior;
			sourceTree = "<group>";
		};
		65DF40E959C987AE436953E1 /* Frameworks */ = {
			isa = PBXGroup;
			children = (
				3CE537654CA28ACBCAEB2221 /* Pods_Four_in_Line.framework */,
			);
			name = Frameworks;
			sourceTree = "<group>";
		};
		D594D12C1F5332E70034E9AB /* Chips */ = {
			isa = PBXGroup;
			children = (
				D594D12D1F5332FD0034E9AB /* Chip.swift */,
			);
			path = Chips;
			sourceTree = "<group>";
		};
		D594D12F1F533ADC0034E9AB /* Match */ = {
			isa = PBXGroup;
			children = (
				D594D1301F533AFE0034E9AB /* MatchViewController.swift */,
			);
			path = Match;
			sourceTree = "<group>";
		};
		D594D1341F533C630034E9AB /* GameBoard */ = {
			isa = PBXGroup;
			children = (
				4DE3D9671E9BE87E00F214CE /* GameBoardView.xib */,
				4DE3D9691E9BE89800F214CE /* GameBoardView.swift */,
			);
			path = GameBoard;
			sourceTree = "<group>";
		};
		D594D1371F5344F50034E9AB /* Match */ = {
			isa = PBXGroup;
			children = (
				D594D1291F5331590034E9AB /* MatchViewModel.swift */,
			);
			path = Match;
			sourceTree = "<group>";
		};
		FD53B8651B9B486D006B7D1A = {
			isa = PBXGroup;
			children = (
				FD53B8701B9B486D006B7D1A /* Four-in-Line */,
				FD53B86F1B9B486D006B7D1A /* Products */,
				383A44813C1F14A3A233C5DB /* Pods */,
				65DF40E959C987AE436953E1 /* Frameworks */,
			);
			sourceTree = "<group>";
		};
		FD53B86F1B9B486D006B7D1A /* Products */ = {
			isa = PBXGroup;
			children = (
				FD53B86E1B9B486D006B7D1A /* Four-in-Line.app */,
			);
			name = Products;
			sourceTree = "<group>";
		};
		FD53B8701B9B486D006B7D1A /* Four-in-Line */ = {
			isa = PBXGroup;
			children = (
				4DF18FEB1EC77BFD00185244 /* Helpers */,
				4DF18FE01EC76C9400185244 /* Extensions */,
				FDFF69881B9C779C001697D4 /* Views */,
				4D520C581E8C5BE600848FCE /* ViewModel */,
				FD53B8A01B9B63C1006B7D1A /* Model */,
				FD53B87E1B9B486D006B7D1A /* Images.xcassets */,
				FD53B87B1B9B486D006B7D1A /* Main.storyboard */,
				FD53B8711B9B486D006B7D1A /* Supporting Files */,
			);
			name = "Four-in-Line";
			path = "Fouк-in-Line";
			sourceTree = "<group>";
		};
		FD53B8711B9B486D006B7D1A /* Supporting Files */ = {
			isa = PBXGroup;
			children = (
				4D520C531E8C59ED00848FCE /* Four-in-Line-Bridging-Header.h */,
				FD53B8801B9B486D006B7D1A /* LaunchScreen.xib */,
				FD53B8751B9B486D006B7D1A /* AppDelegate.h */,
				FD53B8761B9B486D006B7D1A /* AppDelegate.m */,
				FD53B8721B9B486D006B7D1A /* Info.plist */,
				FD53B8731B9B486D006B7D1A /* main.m */,
			);
			name = "Supporting Files";
			sourceTree = "<group>";
		};
		FD53B8A01B9B63C1006B7D1A /* Model */ = {
			isa = PBXGroup;
			children = (
				D594D12C1F5332E70034E9AB /* Chips */,
				FDFF69D31B9CE7F5001697D4 /* GameSettings.h */,
				FD53B89D1B9B63BD006B7D1A /* Game.h */,
				FD53B89E1B9B63BD006B7D1A /* Game.m */,
				FDFF69D01B9CE5B6001697D4 /* GameAI.h */,
				FDFF69D11B9CE5B6001697D4 /* GameAI.m */,
				FD9306101BB723F000B84BFB /* DropBehavior.h */,
				FD9306111BB723F000B84BFB /* DropBehavior.m */,
				4D520C541E8C59ED00848FCE /* FILGameAI.swift */,
				4D520C561E8C5A3D00848FCE /* FILGameManager.swift */,
				4DF18FF11EC7915800185244 /* FILGameBoard.swift */,
				4DF18FF31EC8DC0400185244 /* FILChipPosition.swift */,
			);
			path = Model;
			sourceTree = "<group>";
		};
		FDFF69881B9C779C001697D4 /* Views */ = {
			isa = PBXGroup;
			children = (
				D594D1341F533C630034E9AB /* GameBoard */,
				D594D12F1F533ADC0034E9AB /* Match */,
				FDFF69891B9C78A1001697D4 /* GameBoardView1.h */,
				FDFF698A1B9C78A1001697D4 /* GameBoardView1.m */,
				FD53B8971B9B4955006B7D1A /* GameView.h */,
				FD53B8981B9B4955006B7D1A /* GameView.m */,
				FD3368E51B9BA67D00FF6CE5 /* BlockView.h */,
				FD3368E61B9BA67D00FF6CE5 /* BlockView.m */,
				4DF18FE71EC7770900185244 /* FILChipView.swift */,
				4D12338D1E9C19970004BC78 /* FILMatchViewController.swift */,
				D594D1321F533B080034E9AB /* BaseViewController.swift */,
			);
			path = Views;
			sourceTree = "<group>";
		};
/* End PBXGroup section */

/* Begin PBXNativeTarget section */
		FD53B86D1B9B486D006B7D1A /* Four-in-Line */ = {
			isa = PBXNativeTarget;
			buildConfigurationList = FD53B8911B9B486D006B7D1A /* Build configuration list for PBXNativeTarget "Four-in-Line" */;
			buildPhases = (
				945448474C3A6D1BCCDAC714 /* [CP] Check Pods Manifest.lock */,
				FD53B86A1B9B486D006B7D1A /* Sources */,
				FD53B86B1B9B486D006B7D1A /* Frameworks */,
				FD53B86C1B9B486D006B7D1A /* Resources */,
				C596835D68FD48BCA190006B /* [CP] Embed Pods Frameworks */,
				91EC6424C0A6217B7E24918C /* [CP] Copy Pods Resources */,
				4DCE1E7D1FD7250300E1E6C1 /* Run Script */,
			);
			buildRules = (
			);
			dependencies = (
			);
			name = "Four-in-Line";
			productName = "Four in Line";
			productReference = FD53B86E1B9B486D006B7D1A /* Four-in-Line.app */;
			productType = "com.apple.product-type.application";
		};
/* End PBXNativeTarget section */

/* Begin PBXProject section */
		FD53B8661B9B486D006B7D1A /* Project object */ = {
			isa = PBXProject;
			attributes = {
				LastUpgradeCheck = 0900;
				ORGANIZATIONNAME = "Vasilii Muravev";
				TargetAttributes = {
					FD53B86D1B9B486D006B7D1A = {
						CreatedOnToolsVersion = 6.4;
						DevelopmentTeam = S6UEECG2X9;
						LastSwiftMigration = 0900;
					};
				};
			};
			buildConfigurationList = FD53B8691B9B486D006B7D1A /* Build configuration list for PBXProject "Four-in-Line" */;
			compatibilityVersion = "Xcode 8.0";
			developmentRegion = English;
			hasScannedForEncodings = 0;
			knownRegions = (
				en,
				Base,
			);
			mainGroup = FD53B8651B9B486D006B7D1A;
			productRefGroup = FD53B86F1B9B486D006B7D1A /* Products */;
			projectDirPath = "";
			projectRoot = "";
			targets = (
				FD53B86D1B9B486D006B7D1A /* Four-in-Line */,
			);
		};
/* End PBXProject section */

/* Begin PBXResourcesBuildPhase section */
		FD53B86C1B9B486D006B7D1A /* Resources */ = {
			isa = PBXResourcesBuildPhase;
			buildActionMask = 2147483647;
			files = (
				FD53B87D1B9B486D006B7D1A /* Main.storyboard in Resources */,
				FD53B8821B9B486D006B7D1A /* LaunchScreen.xib in Resources */,
				FD53B87F1B9B486D006B7D1A /* Images.xcassets in Resources */,
				4DE3D9681E9BE87E00F214CE /* GameBoardView.xib in Resources */,
			);
			runOnlyForDeploymentPostprocessing = 0;
		};
/* End PBXResourcesBuildPhase section */

/* Begin PBXShellScriptBuildPhase section */
		4DCE1E7D1FD7250300E1E6C1 /* Run Script */ = {
			isa = PBXShellScriptBuildPhase;
			buildActionMask = 2147483647;
			files = (
			);
			inputPaths = (
			);
			name = "Run Script";
			outputPaths = (
			);
			runOnlyForDeploymentPostprocessing = 0;
			shellPath = /bin/sh;
			shellScript = "\"${PODS_ROOT}/SwiftLint/swiftlint\"";
		};
		91EC6424C0A6217B7E24918C /* [CP] Copy Pods Resources */ = {
			isa = PBXShellScriptBuildPhase;
			buildActionMask = 2147483647;
			files = (
			);
			inputPaths = (
			);
			name = "[CP] Copy Pods Resources";
			outputPaths = (
			);
			runOnlyForDeploymentPostprocessing = 0;
			shellPath = /bin/sh;
			shellScript = "\"${SRCROOT}/Pods/Target Support Files/Pods-Four-in-Line/Pods-Four-in-Line-resources.sh\"\n";
			showEnvVarsInLog = 0;
		};
		945448474C3A6D1BCCDAC714 /* [CP] Check Pods Manifest.lock */ = {
			isa = PBXShellScriptBuildPhase;
			buildActionMask = 2147483647;
			files = (
			);
			inputPaths = (
				"${PODS_PODFILE_DIR_PATH}/Podfile.lock",
				"${PODS_ROOT}/Manifest.lock",
			);
			name = "[CP] Check Pods Manifest.lock";
			outputPaths = (
				"$(DERIVED_FILE_DIR)/Pods-Four-in-Line-checkManifestLockResult.txt",
			);
			runOnlyForDeploymentPostprocessing = 0;
			shellPath = /bin/sh;
			shellScript = "diff \"${PODS_PODFILE_DIR_PATH}/Podfile.lock\" \"${PODS_ROOT}/Manifest.lock\" > /dev/null\nif [ $? != 0 ] ; then\n    # print error to STDERR\n    echo \"error: The sandbox is not in sync with the Podfile.lock. Run 'pod install' or update your CocoaPods installation.\" >&2\n    exit 1\nfi\n# This output is used by Xcode 'outputs' to avoid re-running this script phase.\necho \"SUCCESS\" > \"${SCRIPT_OUTPUT_FILE_0}\"\n";
			showEnvVarsInLog = 0;
		};
		C596835D68FD48BCA190006B /* [CP] Embed Pods Frameworks */ = {
			isa = PBXShellScriptBuildPhase;
			buildActionMask = 2147483647;
			files = (
			);
			inputPaths = (
				"${SRCROOT}/Pods/Target Support Files/Pods-Four-in-Line/Pods-Four-in-Line-frameworks.sh",
				"${BUILT_PRODUCTS_DIR}/DynamicBinder/DynamicBinder.framework",
			);
			name = "[CP] Embed Pods Frameworks";
			outputPaths = (
				"${TARGET_BUILD_DIR}/${FRAMEWORKS_FOLDER_PATH}/DynamicBinder.framework",
			);
			runOnlyForDeploymentPostprocessing = 0;
			shellPath = /bin/sh;
			shellScript = "\"${SRCROOT}/Pods/Target Support Files/Pods-Four-in-Line/Pods-Four-in-Line-frameworks.sh\"\n";
			showEnvVarsInLog = 0;
		};
/* End PBXShellScriptBuildPhase section */

/* Begin PBXSourcesBuildPhase section */
		FD53B86A1B9B486D006B7D1A /* Sources */ = {
			isa = PBXSourcesBuildPhase;
			buildActionMask = 2147483647;
			files = (
				FD3368E71B9BA67D00FF6CE5 /* BlockView.m in Sources */,
				4D520C551E8C59ED00848FCE /* FILGameAI.swift in Sources */,
				4DF18FF21EC7915800185244 /* FILGameBoard.swift in Sources */,
				FD9306121BB723F000B84BFB /* DropBehavior.m in Sources */,
				4DF18FF41EC8DC0400185244 /* FILChipPosition.swift in Sources */,
				FDFF698B1B9C78A1001697D4 /* GameBoardView1.m in Sources */,
				D594D12A1F5331590034E9AB /* MatchViewModel.swift in Sources */,
				4DE3D96A1E9BE89800F214CE /* GameBoardView.swift in Sources */,
				4DF18FEF1EC788B200185244 /* Weak.swift in Sources */,
				FD53B89F1B9B63BD006B7D1A /* Game.m in Sources */,
				4DF18FE81EC7770900185244 /* FILChipView.swift in Sources */,
				D594D1361F533D780034E9AB /* DirectNotificationl.swift in Sources */,
				4D12338C1E9C126B0004BC78 /* DropBehavior.swift in Sources */,
				FD53B8991B9B4955006B7D1A /* GameView.m in Sources */,
				4DF18FE21EC76CF700185244 /* Notification+Extension.swift in Sources */,
				FD53B87A1B9B486D006B7D1A /* MainViewController.m in Sources */,
				D594D1311F533AFE0034E9AB /* MatchViewController.swift in Sources */,
				4DFA528C1EC50909006FCC18 /* FILMatchViewModel.swift in Sources */,
				4DF18FEA1EC77BBD00185244 /* FILChipViewModel.swift in Sources */,
				FD53B8771B9B486D006B7D1A /* AppDelegate.m in Sources */,
				4DF18FE41EC772C200185244 /* NSLayoutConstraint+Extension.swift in Sources */,
				FD53B8741B9B486D006B7D1A /* main.m in Sources */,
				FDFF69D21B9CE5B6001697D4 /* GameAI.m in Sources */,
				D594D12E1F5332FD0034E9AB /* Chip.swift in Sources */,
				4D12338E1E9C19970004BC78 /* FILMatchViewController.swift in Sources */,
				D57574B81D84872E00C8188C /* SettingsTableViewController.m in Sources */,
				4DF18FE61EC773CD00185244 /* UIView+Extension.swift in Sources */,
				4D520C571E8C5A3D00848FCE /* FILGameManager.swift in Sources */,
				D594D1331F533B080034E9AB /* BaseViewController.swift in Sources */,
			);
			runOnlyForDeploymentPostprocessing = 0;
		};
/* End PBXSourcesBuildPhase section */

/* Begin PBXVariantGroup section */
		FD53B87B1B9B486D006B7D1A /* Main.storyboard */ = {
			isa = PBXVariantGroup;
			children = (
				FD53B87C1B9B486D006B7D1A /* Base */,
			);
			name = Main.storyboard;
			sourceTree = "<group>";
		};
		FD53B8801B9B486D006B7D1A /* LaunchScreen.xib */ = {
			isa = PBXVariantGroup;
			children = (
				FD53B8811B9B486D006B7D1A /* Base */,
			);
			name = LaunchScreen.xib;
			sourceTree = "<group>";
		};
/* End PBXVariantGroup section */

/* Begin XCBuildConfiguration section */
		FD53B88F1B9B486D006B7D1A /* Debug */ = {
			isa = XCBuildConfiguration;
			buildSettings = {
				ALWAYS_SEARCH_USER_PATHS = NO;
				CLANG_CXX_LANGUAGE_STANDARD = "gnu++0x";
				CLANG_CXX_LIBRARY = "libc++";
				CLANG_ENABLE_MODULES = YES;
				CLANG_ENABLE_OBJC_ARC = YES;
				CLANG_WARN_BLOCK_CAPTURE_AUTORELEASING = YES;
				CLANG_WARN_BOOL_CONVERSION = YES;
				CLANG_WARN_COMMA = YES;
				CLANG_WARN_CONSTANT_CONVERSION = YES;
				CLANG_WARN_DIRECT_OBJC_ISA_USAGE = YES_ERROR;
				CLANG_WARN_EMPTY_BODY = YES;
				CLANG_WARN_ENUM_CONVERSION = YES;
				CLANG_WARN_INFINITE_RECURSION = YES;
				CLANG_WARN_INT_CONVERSION = YES;
				CLANG_WARN_NON_LITERAL_NULL_CONVERSION = YES;
				CLANG_WARN_OBJC_LITERAL_CONVERSION = YES;
				CLANG_WARN_OBJC_ROOT_CLASS = YES_ERROR;
				CLANG_WARN_RANGE_LOOP_ANALYSIS = YES;
				CLANG_WARN_STRICT_PROTOTYPES = YES;
				CLANG_WARN_SUSPICIOUS_MOVE = YES;
				CLANG_WARN_UNREACHABLE_CODE = YES;
				CLANG_WARN__DUPLICATE_METHOD_MATCH = YES;
				"CODE_SIGN_IDENTITY[sdk=iphoneos*]" = "iPhone Developer";
				COPY_PHASE_STRIP = NO;
				DEBUG_INFORMATION_FORMAT = "dwarf-with-dsym";
				ENABLE_STRICT_OBJC_MSGSEND = YES;
				ENABLE_TESTABILITY = YES;
				GCC_C_LANGUAGE_STANDARD = gnu99;
				GCC_DYNAMIC_NO_PIC = NO;
				GCC_NO_COMMON_BLOCKS = YES;
				GCC_OPTIMIZATION_LEVEL = 0;
				GCC_PREPROCESSOR_DEFINITIONS = (
					"DEBUG=1",
					"$(inherited)",
				);
				GCC_SYMBOLS_PRIVATE_EXTERN = NO;
				GCC_WARN_64_TO_32_BIT_CONVERSION = YES;
				GCC_WARN_ABOUT_RETURN_TYPE = YES_ERROR;
				GCC_WARN_UNDECLARED_SELECTOR = YES;
				GCC_WARN_UNINITIALIZED_AUTOS = YES_AGGRESSIVE;
				GCC_WARN_UNUSED_FUNCTION = YES;
				GCC_WARN_UNUSED_VARIABLE = YES;
				IPHONEOS_DEPLOYMENT_TARGET = 8.4;
				MTL_ENABLE_DEBUG_INFO = YES;
				ONLY_ACTIVE_ARCH = YES;
				SDKROOT = iphoneos;
				TARGETED_DEVICE_FAMILY = "1,2";
			};
			name = Debug;
		};
		FD53B8901B9B486D006B7D1A /* Release */ = {
			isa = XCBuildConfiguration;
			buildSettings = {
				ALWAYS_SEARCH_USER_PATHS = NO;
				CLANG_CXX_LANGUAGE_STANDARD = "gnu++0x";
				CLANG_CXX_LIBRARY = "libc++";
				CLANG_ENABLE_MODULES = YES;
				CLANG_ENABLE_OBJC_ARC = YES;
				CLANG_WARN_BLOCK_CAPTURE_AUTORELEASING = YES;
				CLANG_WARN_BOOL_CONVERSION = YES;
				CLANG_WARN_COMMA = YES;
				CLANG_WARN_CONSTANT_CONVERSION = YES;
				CLANG_WARN_DIRECT_OBJC_ISA_USAGE = YES_ERROR;
				CLANG_WARN_EMPTY_BODY = YES;
				CLANG_WARN_ENUM_CONVERSION = YES;
				CLANG_WARN_INFINITE_RECURSION = YES;
				CLANG_WARN_INT_CONVERSION = YES;
				CLANG_WARN_NON_LITERAL_NULL_CONVERSION = YES;
				CLANG_WARN_OBJC_LITERAL_CONVERSION = YES;
				CLANG_WARN_OBJC_ROOT_CLASS = YES_ERROR;
				CLANG_WARN_RANGE_LOOP_ANALYSIS = YES;
				CLANG_WARN_STRICT_PROTOTYPES = YES;
				CLANG_WARN_SUSPICIOUS_MOVE = YES;
				CLANG_WARN_UNREACHABLE_CODE = YES;
				CLANG_WARN__DUPLICATE_METHOD_MATCH = YES;
				"CODE_SIGN_IDENTITY[sdk=iphoneos*]" = "iPhone Developer";
				COPY_PHASE_STRIP = NO;
				DEBUG_INFORMATION_FORMAT = "dwarf-with-dsym";
				ENABLE_NS_ASSERTIONS = NO;
				ENABLE_STRICT_OBJC_MSGSEND = YES;
				GCC_C_LANGUAGE_STANDARD = gnu99;
				GCC_NO_COMMON_BLOCKS = YES;
				GCC_WARN_64_TO_32_BIT_CONVERSION = YES;
				GCC_WARN_ABOUT_RETURN_TYPE = YES_ERROR;
				GCC_WARN_UNDECLARED_SELECTOR = YES;
				GCC_WARN_UNINITIALIZED_AUTOS = YES_AGGRESSIVE;
				GCC_WARN_UNUSED_FUNCTION = YES;
				GCC_WARN_UNUSED_VARIABLE = YES;
				IPHONEOS_DEPLOYMENT_TARGET = 8.4;
				MTL_ENABLE_DEBUG_INFO = NO;
				SDKROOT = iphoneos;
				SWIFT_OPTIMIZATION_LEVEL = "-Owholemodule";
				TARGETED_DEVICE_FAMILY = "1,2";
				VALIDATE_PRODUCT = YES;
			};
			name = Release;
		};
		FD53B8921B9B486D006B7D1A /* Debug */ = {
			isa = XCBuildConfiguration;
			baseConfigurationReference = 1AF9CAE54892F8081A96E517 /* Pods-Four-in-Line.debug.xcconfig */;
			buildSettings = {
				ASSETCATALOG_COMPILER_APPICON_NAME = AppIcon;
				CLANG_ENABLE_MODULES = YES;
				CODE_SIGN_IDENTITY = "iPhone Developer";
				"CODE_SIGN_IDENTITY[sdk=iphoneos*]" = "iPhone Developer";
				INFOPLIST_FILE = "$(SRCROOT)/Fouк-in-Line/Info.plist";
				IPHONEOS_DEPLOYMENT_TARGET = 8.0;
				LD_RUNPATH_SEARCH_PATHS = "$(inherited) @executable_path/Frameworks";
				PRODUCT_BUNDLE_IDENTIFIER = "com.mur.vasily.$(PRODUCT_NAME:rfc1034identifier)";
				PRODUCT_NAME = "$(TARGET_NAME)";
				PROVISIONING_PROFILE = "";
				SWIFT_OBJC_BRIDGING_HEADER = "Fouк-in-Line/Four-in-Line-Bridging-Header.h";
				SWIFT_OPTIMIZATION_LEVEL = "-Onone";
				SWIFT_VERSION = 4.0;
				TARGETED_DEVICE_FAMILY = 1;
			};
			name = Debug;
		};
		FD53B8931B9B486D006B7D1A /* Release */ = {
			isa = XCBuildConfiguration;
			baseConfigurationReference = 3258FC85BA8FD380696FF78C /* Pods-Four-in-Line.release.xcconfig */;
			buildSettings = {
				ASSETCATALOG_COMPILER_APPICON_NAME = AppIcon;
				CLANG_ENABLE_MODULES = YES;
				CODE_SIGN_IDENTITY = "iPhone Developer";
				"CODE_SIGN_IDENTITY[sdk=iphoneos*]" = "iPhone Developer";
				INFOPLIST_FILE = "$(SRCROOT)/Fouк-in-Line/Info.plist";
				IPHONEOS_DEPLOYMENT_TARGET = 8.0;
				LD_RUNPATH_SEARCH_PATHS = "$(inherited) @executable_path/Frameworks";
				PRODUCT_BUNDLE_IDENTIFIER = "com.mur.vasily.$(PRODUCT_NAME:rfc1034identifier)";
				PRODUCT_NAME = "$(TARGET_NAME)";
				PROVISIONING_PROFILE = "";
				SWIFT_OBJC_BRIDGING_HEADER = "Fouк-in-Line/Four-in-Line-Bridging-Header.h";
				SWIFT_VERSION = 4.0;
				TARGETED_DEVICE_FAMILY = 1;
			};
			name = Release;
		};
/* End XCBuildConfiguration section */

/* Begin XCConfigurationList section */
		FD53B8691B9B486D006B7D1A /* Build configuration list for PBXProject "Four-in-Line" */ = {
			isa = XCConfigurationList;
			buildConfigurations = (
				FD53B88F1B9B486D006B7D1A /* Debug */,
				FD53B8901B9B486D006B7D1A /* Release */,
			);
			defaultConfigurationIsVisible = 0;
			defaultConfigurationName = Release;
		};
		FD53B8911B9B486D006B7D1A /* Build configuration list for PBXNativeTarget "Four-in-Line" */ = {
			isa = XCConfigurationList;
			buildConfigurations = (
				FD53B8921B9B486D006B7D1A /* Debug */,
				FD53B8931B9B486D006B7D1A /* Release */,
			);
			defaultConfigurationIsVisible = 0;
			defaultConfigurationName = Release;
		};
/* End XCConfigurationList section */
	};
	rootObject = FD53B8661B9B486D006B7D1A /* Project object */;
}
